
Microsoft Visual Studio Solution File, Format Version 12.00
# Visual Studio Version 17
VisualStudioVersion = 17.14.36414.22
MinimumVisualStudioVersion = 10.0.40219.1
Project("{54A90642-561A-4BB1-A94E-469ADEE60C69}") = "AlternativeNames", "AlternativeNames\AlternativeNames.esproj", "{5F278120-779A-2F64-2F1F-84C22D5ED36B}"
EndProject
Global
	GlobalSection(SolutionConfigurationPlatforms) = preSolution
		Debug|Any CPU = Debug|Any CPU
		Release|Any CPU = Release|Any CPU
	EndGlobalSection
	GlobalSection(ProjectConfigurationPlatforms) = postSolution
		{5F278120-779A-2F64-2F1F-84C22D5ED36B}.Debug|Any CPU.ActiveCfg = Debug|Any CPU
		{5F278120-779A-2F64-2F1F-84C22D5ED36B}.Debug|Any CPU.Build.0 = Debug|Any CPU
		{5F278120-779A-2F64-2F1F-84C22D5ED36B}.Debug|Any CPU.Deploy.0 = Debug|Any CPU
		{5F278120-779A-2F64-2F1F-84C22D5ED36B}.Release|Any CPU.ActiveCfg = Release|Any CPU
		{5F278120-779A-2F64-2F1F-84C22D5ED36B}.Release|Any CPU.Build.0 = Release|Any CPU
		{5F278120-779A-2F64-2F1F-84C22D5ED36B}.Release|Any CPU.Deploy.0 = Release|Any CPU
	EndGlobalSection
	GlobalSection(SolutionProperties) = preSolution
		HideSolutionNode = FALSE
	EndGlobalSection
	GlobalSection(ExtensibilityGlobals) = postSolution
		SolutionGuid = {DBA9208C-1940-40CB-AD90-F03C15C7FD8B}
	EndGlobalSection
EndGlobal
